
Microsoft Visual Studio Solution File, Format Version 12.00
# Visual Studio Version 16
VisualStudioVersion = 25.0.1706.5
MinimumVisualStudioVersion = 10.0.40219.1
Project("{FAE04EC0-301F-11D3-BF4B-00C04F79EFBC}") = "MVCDog", "MVCDog\MVCDog.csproj", "{56DC097F-EB9D-46D9-AFA2-3B6D55F27E2B}"
EndProject
Global
	GlobalSection(SolutionConfigurationPlatforms) = preSolution
		Debug|Any CPU = Debug|Any CPU
		Release|Any CPU = Release|Any CPU
	EndGlobalSection
	GlobalSection(ProjectConfigurationPlatforms) = postSolution
		{56DC097F-EB9D-46D9-AFA2-3B6D55F27E2B}.Debug|Any CPU.ActiveCfg = Debug|Any CPU
		{56DC097F-EB9D-46D9-AFA2-3B6D55F27E2B}.Debug|Any CPU.Build.0 = Debug|Any CPU
		{56DC097F-EB9D-46D9-AFA2-3B6D55F27E2B}.Release|Any CPU.ActiveCfg = Release|Any CPU
		{56DC097F-EB9D-46D9-AFA2-3B6D55F27E2B}.Release|Any CPU.Build.0 = Release|Any CPU
	EndGlobalSection
	GlobalSection(SolutionProperties) = preSolution
		HideSolutionNode = FALSE
	EndGlobalSection
	GlobalSection(ExtensibilityGlobals) = postSolution
		SolutionGuid = {8F1A7343-E48F-412A-A82C-73E60F39AB16}
	EndGlobalSection
EndGlobal
